
Microsoft Visual Studio Solution File, Format Version 12.00
# Visual Studio Version 16
VisualStudioVersion = 16.0.30621.155
MinimumVisualStudioVersion = 10.0.40219.1
Project("{FAE04EC0-301F-11D3-BF4B-00C04F79EFBC}") = "claseX1.UWP", "claseX1\claseX1.UWP\claseX1.UWP.csproj", "{F1C100BA-511D-48A7-B752-201A3E7625A3}"
EndProject
Project("{FAE04EC0-301F-11D3-BF4B-00C04F79EFBC}") = "claseX1.Android", "claseX1\claseX1.Android\claseX1.Android.csproj", "{44D7E003-77D1-4506-85F3-004027C43575}"
EndProject
Project("{FAE04EC0-301F-11D3-BF4B-00C04F79EFBC}") = "claseX1.iOS", "claseX1\claseX1.iOS\claseX1.iOS.csproj", "{4177544F-8822-4CEC-B224-32F9A2E477EF}"
EndProject
Project("{FAE04EC0-301F-11D3-BF4B-00C04F79EFBC}") = "claseX1", "claseX1\claseX1\claseX1.csproj", "{CE886467-FEB5-4867-8911-BA0CA4F01727}"
EndProject
Global
	GlobalSection(SolutionConfigurationPlatforms) = preSolution
		Debug|Any CPU = Debug|Any CPU
		Debug|ARM = Debug|ARM
		Debug|iPhone = Debug|iPhone
		Debug|iPhoneSimulator = Debug|iPhoneSimulator
		Debug|x64 = Debug|x64
		Debug|x86 = Debug|x86
		Release|Any CPU = Release|Any CPU
		Release|ARM = Release|ARM
		Release|iPhone = Release|iPhone
		Release|iPhoneSimulator = Release|iPhoneSimulator
		Release|x64 = Release|x64
		Release|x86 = Release|x86
	EndGlobalSection
	GlobalSection(ProjectConfigurationPlatforms) = postSolution
		{F1C100BA-511D-48A7-B752-201A3E7625A3}.Debug|Any CPU.ActiveCfg = Debug|x86
		{F1C100BA-511D-48A7-B752-201A3E7625A3}.Debug|Any CPU.Build.0 = Debug|x86
		{F1C100BA-511D-48A7-B752-201A3E7625A3}.Debug|Any CPU.Deploy.0 = Debug|x86
		{F1C100BA-511D-48A7-B752-201A3E7625A3}.Debug|ARM.ActiveCfg = Debug|ARM
		{F1C100BA-511D-48A7-B752-201A3E7625A3}.Debug|ARM.Build.0 = Debug|ARM
		{F1C100BA-511D-48A7-B752-201A3E7625A3}.Debug|ARM.Deploy.0 = Debug|ARM
		{F1C100BA-511D-48A7-B752-201A3E7625A3}.Debug|iPhone.ActiveCfg = Debug|x86
		{F1C100BA-511D-48A7-B752-201A3E7625A3}.Debug|iPhone.Build.0 = Debug|x86
		{F1C100BA-511D-48A7-B752-201A3E7625A3}.Debug|iPhone.Deploy.0 = Debug|x86
		{F1C100BA-511D-48A7-B752-201A3E7625A3}.Debug|iPhoneSimulator.ActiveCfg = Debug|x86
		{F1C100BA-511D-48A7-B752-201A3E7625A3}.Debug|iPhoneSimulator.Build.0 = Debug|x86
		{F1C100BA-511D-48A7-B752-201A3E7625A3}.Debug|iPhoneSimulator.Deploy.0 = Debug|x86
		{F1C100BA-511D-48A7-B752-201A3E7625A3}.Debug|x64.ActiveCfg = Debug|x64
		{F1C100BA-511D-48A7-B752-201A3E7625A3}.Debug|x64.Build.0 = Debug|x64
		{F1C100BA-511D-48A7-B752-201A3E7625A3}.Debug|x64.Deploy.0 = Debug|x64
		{F1C100BA-511D-48A7-B752-201A3E7625A3}.Debug|x86.ActiveCfg = Debug|x86
		{F1C100BA-511D-48A7-B752-201A3E7625A3}.Debug|x86.Build.0 = Debug|x86
		{F1C100BA-511D-48A7-B752-201A3E7625A3}.Debug|x86.Deploy.0 = Debug|x86
		{F1C100BA-511D-48A7-B752-201A3E7625A3}.Release|Any CPU.ActiveCfg = Release|x86
		{F1C100BA-511D-48A7-B752-201A3E7625A3}.Release|Any CPU.Build.0 = Release|x86
		{F1C100BA-511D-48A7-B752-201A3E7625A3}.Release|Any CPU.Deploy.0 = Release|x86
		{F1C100BA-511D-48A7-B752-201A3E7625A3}.Release|ARM.ActiveCfg = Release|ARM
		{F1C100BA-511D-48A7-B752-201A3E7625A3}.Release|ARM.Build.0 = Release|ARM
		{F1C100BA-511D-48A7-B752-201A3E7625A3}.Release|ARM.Deploy.0 = Release|ARM
		{F1C100BA-511D-48A7-B752-201A3E7625A3}.Release|iPhone.ActiveCfg = Release|x86
		{F1C100BA-511D-48A7-B752-201A3E7625A3}.Release|iPhone.Build.0 = Release|x86
		{F1C100BA-511D-48A7-B752-201A3E7625A3}.Release|iPhone.Deploy.0 = Release|x86
		{F1C100BA-511D-48A7-B752-201A3E7625A3}.Release|iPhoneSimulator.ActiveCfg = Release|x86
		{F1C100BA-511D-48A7-B752-201A3E7625A3}.Release|iPhoneSimulator.Build.0 = Release|x86
		{F1C100BA-511D-48A7-B752-201A3E7625A3}.Release|iPhoneSimulator.Deploy.0 = Release|x86
		{F1C100BA-511D-48A7-B752-201A3E7625A3}.Release|x64.ActiveCfg = Release|x64
		{F1C100BA-511D-48A7-B752-201A3E7625A3}.Release|x64.Build.0 = Release|x64
		{F1C100BA-511D-48A7-B752-201A3E7625A3}.Release|x64.Deploy.0 = Release|x64
		{F1C100BA-511D-48A7-B752-201A3E7625A3}.Release|x86.ActiveCfg = Release|x86
		{F1C100BA-511D-48A7-B752-201A3E7625A3}.Release|x86.Build.0 = Release|x86
		{F1C100BA-511D-48A7-B752-201A3E7625A3}.Release|x86.Deploy.0 = Release|x86
		{44D7E003-77D1-4506-85F3-004027C43575}.Debug|Any CPU.ActiveCfg = Debug|Any CPU
		{44D7E003-77D1-4506-85F3-004027C43575}.Debug|Any CPU.Build.0 = Debug|Any CPU
		{44D7E003-77D1-4506-85F3-004027C43575}.Debug|Any CPU.Deploy.0 = Debug|Any CPU
		{44D7E003-77D1-4506-85F3-004027C43575}.Debug|ARM.ActiveCfg = Debug|Any CPU
		{44D7E003-77D1-4506-85F3-004027C43575}.Debug|ARM.Build.0 = Debug|Any CPU
		{44D7E003-77D1-4506-85F3-004027C43575}.Debug|ARM.Deploy.0 = Debug|Any CPU
		{44D7E003-77D1-4506-85F3-004027C43575}.Debug|iPhone.ActiveCfg = Debug|Any CPU
		{44D7E003-77D1-4506-85F3-004027C43575}.Debug|iPhone.Build.0 = Debug|Any CPU
		{44D7E003-77D1-4506-85F3-004027C43575}.Debug|iPhone.Deploy.0 = Debug|Any CPU
		{44D7E003-77D1-4506-85F3-004027C43575}.Debug|iPhoneSimulator.ActiveCfg = Debug|Any CPU
		{44D7E003-77D1-4506-85F3-004027C43575}.Debug|iPhoneSimulator.Build.0 = Debug|Any CPU
		{44D7E003-77D1-4506-85F3-004027C43575}.Debug|iPhoneSimulator.Deploy.0 = Debug|Any CPU
		{44D7E003-77D1-4506-85F3-004027C43575}.Debug|x64.ActiveCfg = Debug|Any CPU
		{44D7E003-77D1-4506-85F3-004027C43575}.Debug|x64.Build.0 = Debug|Any CPU
		{44D7E003-77D1-4506-85F3-004027C43575}.Debug|x64.Deploy.0 = Debug|Any CPU
		{44D7E003-77D1-4506-85F3-004027C43575}.Debug|x86.ActiveCfg = Debug|Any CPU
		{44D7E003-77D1-4506-85F3-004027C43575}.Debug|x86.Build.0 = Debug|Any CPU
		{44D7E003-77D1-4506-85F3-004027C43575}.Debug|x86.Deploy.0 = Debug|Any CPU
		{44D7E003-77D1-4506-85F3-004027C43575}.Release|Any CPU.ActiveCfg = Release|Any CPU
		{44D7E003-77D1-4506-85F3-004027C43575}.Release|Any CPU.Build.0 = Release|Any CPU
		{44D7E003-77D1-4506-85F3-004027C43575}.Release|Any CPU.Deploy.0 = Release|Any CPU
		{44D7E003-77D1-4506-85F3-004027C43575}.Release|ARM.ActiveCfg = Release|Any CPU
		{44D7E003-77D1-4506-85F3-004027C43575}.Release|ARM.Build.0 = Release|Any CPU
		{44D7E003-77D1-4506-85F3-004027C43575}.Release|ARM.Deploy.0 = Release|Any CPU
		{44D7E003-77D1-4506-85F3-004027C43575}.Release|iPhone.ActiveCfg = Release|Any CPU
		{44D7E003-77D1-4506-85F3-004027C43575}.Release|iPhone.Build.0 = Release|Any CPU
		{44D7E003-77D1-4506-85F3-004027C43575}.Release|iPhone.Deploy.0 = Release|Any CPU
		{44D7E003-77D1-4506-85F3-004027C43575}.Release|iPhoneSimulator.ActiveCfg = Release|Any CPU
		{44D7E003-77D1-4506-85F3-004027C43575}.Release|iPhoneSimulator.Build.0 = Release|Any CPU
		{44D7E003-77D1-4506-85F3-004027C43575}.Release|iPhoneSimulator.Deploy.0 = Release|Any CPU
		{44D7E003-77D1-4506-85F3-004027C43575}.Release|x64.ActiveCfg = Release|Any CPU
		{44D7E003-77D1-4506-85F3-004027C43575}.Release|x64.Build.0 = Release|Any CPU
		{44D7E003-77D1-4506-85F3-004027C43575}.Release|x64.Deploy.0 = Release|Any CPU
		{44D7E003-77D1-4506-85F3-004027C43575}.Release|x86.ActiveCfg = Release|Any CPU
		{44D7E003-77D1-4506-85F3-004027C43575}.Release|x86.Build.0 = Release|Any CPU
		{44D7E003-77D1-4506-85F3-004027C43575}.Release|x86.Deploy.0 = Release|Any CPU
		{4177544F-8822-4CEC-B224-32F9A2E477EF}.Debug|Any CPU.ActiveCfg = Debug|iPhoneSimulator
		{4177544F-8822-4CEC-B224-32F9A2E477EF}.Debug|Any CPU.Build.0 = Debug|iPhoneSimulator
		{4177544F-8822-4CEC-B224-32F9A2E477EF}.Debug|Any CPU.Deploy.0 = Debug|iPhoneSimulator
		{4177544F-8822-4CEC-B224-32F9A2E477EF}.Debug|ARM.ActiveCfg = Debug|iPhone
		{4177544F-8822-4CEC-B224-32F9A2E477EF}.Debug|ARM.Build.0 = Debug|iPhone
		{4177544F-8822-4CEC-B224-32F9A2E477EF}.Debug|ARM.Deploy.0 = Debug|iPhone
		{4177544F-8822-4CEC-B224-32F9A2E477EF}.Debug|iPhone.ActiveCfg = Debug|iPhone
		{4177544F-8822-4CEC-B224-32F9A2E477EF}.Debug|iPhone.Build.0 = Debug|iPhone
		{4177544F-8822-4CEC-B224-32F9A2E477EF}.Debug|iPhone.Deploy.0 = Debug|iPhone
		{4177544F-8822-4CEC-B224-32F9A2E477EF}.Debug|iPhoneSimulator.ActiveCfg = Debug|iPhoneSimulator
		{4177544F-8822-4CEC-B224-32F9A2E477EF}.Debug|iPhoneSimulator.Build.0 = Debug|iPhoneSimulator
		{4177544F-8822-4CEC-B224-32F9A2E477EF}.Debug|iPhoneSimulator.Deploy.0 = Debug|iPhoneSimulator
		{4177544F-8822-4CEC-B224-32F9A2E477EF}.Debug|x64.ActiveCfg = Debug|iPhoneSimulator
		{4177544F-8822-4CEC-B224-32F9A2E477EF}.Debug|x64.Build.0 = Debug|iPhoneSimulator
		{4177544F-8822-4CEC-B224-32F9A2E477EF}.Debug|x64.Deploy.0 = Debug|iPhoneSimulator
		{4177544F-8822-4CEC-B224-32F9A2E477EF}.Debug|x86.ActiveCfg = Debug|iPhoneSimulator
		{4177544F-8822-4CEC-B224-32F9A2E477EF}.Debug|x86.Build.0 = Debug|iPhoneSimulator
		{4177544F-8822-4CEC-B224-32F9A2E477EF}.Debug|x86.Deploy.0 = Debug|iPhoneSimulator
		{4177544F-8822-4CEC-B224-32F9A2E477EF}.Release|Any CPU.ActiveCfg = Release|iPhoneSimulator
		{4177544F-8822-4CEC-B224-32F9A2E477EF}.Release|Any CPU.Build.0 = Release|iPhoneSimulator
		{4177544F-8822-4CEC-B224-32F9A2E477EF}.Release|Any CPU.Deploy.0 = Release|iPhoneSimulator
		{4177544F-8822-4CEC-B224-32F9A2E477EF}.Release|ARM.ActiveCfg = Release|iPhoneSimulator
		{4177544F-8822-4CEC-B224-32F9A2E477EF}.Release|ARM.Build.0 = Release|iPhoneSimulator
		{4177544F-8822-4CEC-B224-32F9A2E477EF}.Release|ARM.Deploy.0 = Release|iPhoneSimulator
		{4177544F-8822-4CEC-B224-32F9A2E477EF}.Release|iPhone.ActiveCfg = Release|iPhone
		{4177544F-8822-4CEC-B224-32F9A2E477EF}.Release|iPhone.Build.0 = Release|iPhone
		{4177544F-8822-4CEC-B224-32F9A2E477EF}.Release|iPhone.Deploy.0 = Release|iPhone
		{4177544F-8822-4CEC-B224-32F9A2E477EF}.Release|iPhoneSimulator.ActiveCfg = Release|iPhoneSimulator
		{4177544F-8822-4CEC-B224-32F9A2E477EF}.Release|iPhoneSimulator.Build.0 = Release|iPhoneSimulator
		{4177544F-8822-4CEC-B224-32F9A2E477EF}.Release|iPhoneSimulator.Deploy.0 = Release|iPhoneSimulator
		{4177544F-8822-4CEC-B224-32F9A2E477EF}.Release|x64.ActiveCfg = Release|iPhoneSimulator
		{4177544F-8822-4CEC-B224-32F9A2E477EF}.Release|x64.Build.0 = Release|iPhoneSimulator
		{4177544F-8822-4CEC-B224-32F9A2E477EF}.Release|x64.Deploy.0 = Release|iPhoneSimulator
		{4177544F-8822-4CEC-B224-32F9A2E477EF}.Release|x86.ActiveCfg = Release|iPhoneSimulator
		{4177544F-8822-4CEC-B224-32F9A2E477EF}.Release|x86.Build.0 = Release|iPhoneSimulator
		{4177544F-8822-4CEC-B224-32F9A2E477EF}.Release|x86.Deploy.0 = Release|iPhoneSimulator
		{CE886467-FEB5-4867-8911-BA0CA4F01727}.Debug|Any CPU.ActiveCfg = Debug|Any CPU
		{CE886467-FEB5-4867-8911-BA0CA4F01727}.Debug|Any CPU.Build.0 = Debug|Any CPU
		{CE886467-FEB5-4867-8911-BA0CA4F01727}.Debug|Any CPU.Deploy.0 = Debug|Any CPU
		{CE886467-FEB5-4867-8911-BA0CA4F01727}.Debug|ARM.ActiveCfg = Debug|Any CPU
		{CE886467-FEB5-4867-8911-BA0CA4F01727}.Debug|ARM.Build.0 = Debug|Any CPU
		{CE886467-FEB5-4867-8911-BA0CA4F01727}.Debug|ARM.Deploy.0 = Debug|Any CPU
		{CE886467-FEB5-4867-8911-BA0CA4F01727}.Debug|iPhone.ActiveCfg = Debug|Any CPU
		{CE886467-FEB5-4867-8911-BA0CA4F01727}.Debug|iPhone.Build.0 = Debug|Any CPU
		{CE886467-FEB5-4867-8911-BA0CA4F01727}.Debug|iPhone.Deploy.0 = Debug|Any CPU
		{CE886467-FEB5-4867-8911-BA0CA4F01727}.Debug|iPhoneSimulator.ActiveCfg = Debug|Any CPU
		{CE886467-FEB5-4867-8911-BA0CA4F01727}.Debug|iPhoneSimulator.Build.0 = Debug|Any CPU
		{CE886467-FEB5-4867-8911-BA0CA4F01727}.Debug|iPhoneSimulator.Deploy.0 = Debug|Any CPU
		{CE886467-FEB5-4867-8911-BA0CA4F01727}.Debug|x64.ActiveCfg = Debug|Any CPU
		{CE886467-FEB5-4867-8911-BA0CA4F01727}.Debug|x64.Build.0 = Debug|Any CPU
		{CE886467-FEB5-4867-8911-BA0CA4F01727}.Debug|x64.Deploy.0 = Debug|Any CPU
		{CE886467-FEB5-4867-8911-BA0CA4F01727}.Debug|x86.ActiveCfg = Debug|Any CPU
		{CE886467-FEB5-4867-8911-BA0CA4F01727}.Debug|x86.Build.0 = Debug|Any CPU
		{CE886467-FEB5-4867-8911-BA0CA4F01727}.Debug|x86.Deploy.0 = Debug|Any CPU
		{CE886467-FEB5-4867-8911-BA0CA4F01727}.Release|Any CPU.ActiveCfg = Release|Any CPU
		{CE886467-FEB5-4867-8911-BA0CA4F01727}.Release|Any CPU.Build.0 = Release|Any CPU
		{CE886467-FEB5-4867-8911-BA0CA4F01727}.Release|Any CPU.Deploy.0 = Release|Any CPU
		{CE886467-FEB5-4867-8911-BA0CA4F01727}.Release|ARM.ActiveCfg = Release|Any CPU
		{CE886467-FEB5-4867-8911-BA0CA4F01727}.Release|ARM.Build.0 = Release|Any CPU
		{CE886467-FEB5-4867-8911-BA0CA4F01727}.Release|ARM.Deploy.0 = Release|Any CPU
		{CE886467-FEB5-4867-8911-BA0CA4F01727}.Release|iPhone.ActiveCfg = Release|Any CPU
		{CE886467-FEB5-4867-8911-BA0CA4F01727}.Release|iPhone.Build.0 = Release|Any CPU
		{CE886467-FEB5-4867-8911-BA0CA4F01727}.Release|iPhone.Deploy.0 = Release|Any CPU
		{CE886467-FEB5-4867-8911-BA0CA4F01727}.Release|iPhoneSimulator.ActiveCfg = Release|Any CPU
		{CE886467-FEB5-4867-8911-BA0CA4F01727}.Release|iPhoneSimulator.Build.0 = Release|Any CPU
		{CE886467-FEB5-4867-8911-BA0CA4F01727}.Release|iPhoneSimulator.Deploy.0 = Release|Any CPU
		{CE886467-FEB5-4867-8911-BA0CA4F01727}.Release|x64.ActiveCfg = Release|Any CPU
		{CE886467-FEB5-4867-8911-BA0CA4F01727}.Release|x64.Build.0 = Release|Any CPU
		{CE886467-FEB5-4867-8911-BA0CA4F01727}.Release|x64.Deploy.0 = Release|Any CPU
		{CE886467-FEB5-4867-8911-BA0CA4F01727}.Release|x86.ActiveCfg = Release|Any CPU
		{CE886467-FEB5-4867-8911-BA0CA4F01727}.Release|x86.Build.0 = Release|Any CPU
		{CE886467-FEB5-4867-8911-BA0CA4F01727}.Release|x86.Deploy.0 = Release|Any CPU
	EndGlobalSection
	GlobalSection(SolutionProperties) = preSolution
		HideSolutionNode = FALSE
	EndGlobalSection
	GlobalSection(ExtensibilityGlobals) = postSolution
		SolutionGuid = {84A127B7-F88E-4105-B33B-068B0DFD1A61}
	EndGlobalSection
EndGlobal
